
Microsoft Visual Studio Solution File, Format Version 12.00
# Visual Studio Version 17
VisualStudioVersion = 17.1.32407.343
MinimumVisualStudioVersion = 10.0.40219.1
Project("{FAE04EC0-301F-11D3-BF4B-00C04F79EFBC}") = "MVCCore.MongoDB", "MVCCore.MongoDB\MVCCore.MongoDB.csproj", "{F8DA6248-3F0C-4476-AA92-C5E448C0F1FF}"
EndProject
Global
	GlobalSection(SolutionConfigurationPlatforms) = preSolution
		Debug|Any CPU = Debug|Any CPU
		Release|Any CPU = Release|Any CPU
	EndGlobalSection
	GlobalSection(ProjectConfigurationPlatforms) = postSolution
		{F8DA6248-3F0C-4476-AA92-C5E448C0F1FF}.Debug|Any CPU.ActiveCfg = Debug|Any CPU
		{F8DA6248-3F0C-4476-AA92-C5E448C0F1FF}.Debug|Any CPU.Build.0 = Debug|Any CPU
		{F8DA6248-3F0C-4476-AA92-C5E448C0F1FF}.Release|Any CPU.ActiveCfg = Release|Any CPU
		{F8DA6248-3F0C-4476-AA92-C5E448C0F1FF}.Release|Any CPU.Build.0 = Release|Any CPU
	EndGlobalSection
	GlobalSection(SolutionProperties) = preSolution
		HideSolutionNode = FALSE
	EndGlobalSection
	GlobalSection(ExtensibilityGlobals) = postSolution
		SolutionGuid = {ADD6B054-F46A-4AE3-870B-FCEE92B2E292}
	EndGlobalSection
EndGlobal
